<?xml version="1.0" encoding="utf-8"?>
<Project ToolsVersion="4.0" xmlns="http://schemas.microsoft.com/developer/msbuild/2003">
  <ItemGroup>
    <ClCompile Include="src\Util\byte_test.cpp">
      <Filter>Utils</Filter>
    </ClCompile>
    <ClCompile Include="src\tests.cpp" />
    <ClCompile Include="src\main.cpp" />
    <ClCompile Include="src\SubSystem-dep\Emulator.cpp">
      <Filter>SubSystem-dep</Filter>
    </ClCompile>
    <ClCompile Include="src\SubSystem\SubSystem.cpp">
      <Filter>SubSystem</Filter>
    </ClCompile>
  </ItemGroup>
  <ItemGroup>
    <Filter Include="Utils">
      <UniqueIdentifier>{57405587-071f-4d8b-9450-0e7ff0ebc8dd}</UniqueIdentifier>
    </Filter>
    <Filter Include="SubSystem-dep">
      <UniqueIdentifier>{faaa574d-4711-427f-ad44-c3d5dd2ea99a}</UniqueIdentifier>
    </Filter>
    <Filter Include="SubSystem">
      <UniqueIdentifier>{27684623-741c-46ce-ba09-cebcf726d2ec}</UniqueIdentifier>
    </Filter>
    <Filter Include="SubSystem\CPU">
      <UniqueIdentifier>{56731f34-63c6-415a-becb-60baa435366a}</UniqueIdentifier>
    </Filter>
    <Filter Include="SubSystem\RAM">
      <UniqueIdentifier>{6117bb79-b0b8-4b3c-bcb9-7dd0dd018f08}</UniqueIdentifier>
    </Filter>
    <Filter Include="SubSystem\GPU">
      <UniqueIdentifier>{cfe550f9-6958-4881-815b-fd7d459514b3}</UniqueIdentifier>
    </Filter>
  </ItemGroup>
  <ItemGroup>
    <ClInclude Include="src\Util\byte.hpp">
      <Filter>Utils</Filter>
    </ClInclude>
    <ClInclude Include="src\SubSystem-dep\Emulator.hpp">
      <Filter>SubSystem-dep</Filter>
    </ClInclude>
    <ClInclude Include="src\SubSystem-dep\HWException.hpp">
      <Filter>SubSystem-dep</Filter>
    </ClInclude>
    <ClInclude Include="src\SubSystem\SubSystem.hpp">
      <Filter>SubSystem</Filter>
    </ClInclude>
  </ItemGroup>
</Project>