<?xml version="1.0" encoding="utf-8"?>
<Project ToolsVersion="4.0" xmlns="http://schemas.microsoft.com/developer/msbuild/2003">
  <ItemGroup>
    <ClCompile Include="main.cpp" />
    <ClCompile Include="SubSystem\Emulator.cpp" />
  </ItemGroup>
  <ItemGroup>
    <ClInclude Include="SubSystem\Emulator.hpp" />
    <ClInclude Include="SubSystem\HWException.hpp" />
  </ItemGroup>
</Project>